{
  "name": "hystock-eapp",
  "version": "1.0.0",
  "lockfileVersion": 1,
  "requires": true,
  "dependencies": {
    "@antv/adjust": {
      "version": "0.1.1",
      "resolved": "https://registry.npm.taobao.org/@antv/adjust/download/@antv/adjust-0.1.1.tgz",
      "integrity": "sha1-4mOrDhoZQaZIhC/Ahs9lp+O3Xpg=",
      "requires": {
        "@antv/util": "~1.3.1"
      },
      "dependencies": {
        "@antv/util": {
          "version": "1.3.1",
          "resolved": "https://registry.npm.taobao.org/@antv/util/download/@antv/util-1.3.1.tgz?cache=0&sync_timestamp=1572438102677&other_urls=https%3A%2F%2Fregistry.npm.taobao.org%2F%40antv%2Futil%2Fdownload%2F%40antv%2Futil-1.3.1.tgz",
          "integrity": "sha1-MKNLIB/5Em7A1YxyyBZqnD5kTM0=",
          "requires": {
            "@antv/gl-matrix": "^2.7.1"
          }
        }
      }
    },
    "@antv/attr": {
      "version": "0.1.2",
      "resolved": "https://registry.npm.taobao.org/@antv/attr/download/@antv/attr-0.1.2.tgz?cache=0&other_urls=https%3A%2F%2Fregistry.npm.taobao.org%2F%40antv%2Fattr%2Fdownload%2F%40antv%2Fattr-0.1.2.tgz",
      "integrity": "sha1-LusSL8qvhRoth0mrx8YFGdP3fjc=",
      "requires": {
        "@antv/util": "~1.3.1"
      },
      "dependencies": {
        "@antv/util": {
          "version": "1.3.1",
          "resolved": "https://registry.npm.taobao.org/@antv/util/download/@antv/util-1.3.1.tgz?cache=0&sync_timestamp=1572438102677&other_urls=https%3A%2F%2Fregistry.npm.taobao.org%2F%40antv%2Futil%2Fdownload%2F%40antv%2Futil-1.3.1.tgz",
          "integrity": "sha1-MKNLIB/5Em7A1YxyyBZqnD5kTM0=",
          "requires": {
            "@antv/gl-matrix": "^2.7.1"
          }
        }
      }
    },
    "@antv/f2": {
      "version": "3.5.0-beta.1",
      "resolved": "https://registry.npm.taobao.org/@antv/f2/download/@antv/f2-3.5.0-beta.1.tgz",
      "integrity": "sha1-rHaq0W7gnUEDHPZGrSYdGPagbi0=",
      "requires": {
        "@antv/adjust": "~0.1.1",
        "@antv/attr": "~0.1.0",
        "@antv/scale": "~0.1.2",
        "@antv/util": "~1.2.5",
        "hammerjs": "^2.0.8",
        "wolfy87-eventemitter": "^5.2.8"
      }
    },
    "@antv/gl-matrix": {
      "version": "2.7.1",
      "resolved": "https://registry.npm.taobao.org/@antv/gl-matrix/download/@antv/gl-matrix-2.7.1.tgz",
      "integrity": "sha1-rLjjf3qz3wE0WrpDcteUK+QuuhQ="
    },
    "@antv/my-f2": {
      "version": "1.1.6",
      "resolved": "https://registry.npm.taobao.org/@antv/my-f2/download/@antv/my-f2-1.1.6.tgz",
      "integrity": "sha1-Qz+xwtTs5T5tf8KUlHv/gbau2l4=",
      "requires": {
        "@antv/f2": "~3.3.5",
        "wolfy87-eventemitter": "^5.2.4"
      },
      "dependencies": {
        "@antv/f2": {
          "version": "3.3.9",
          "resolved": "https://registry.npm.taobao.org/@antv/f2/download/@antv/f2-3.3.9.tgz",
          "integrity": "sha1-N5PaGSWrolzz451whLaSkDMMEQc=",
          "requires": {
            "@antv/adjust": "~0.1.1",
            "@antv/attr": "~0.1.0",
            "@antv/scale": "~0.1.2",
            "@antv/util": "~1.2.5",
            "hammerjs": "^2.0.8"
          }
        }
      }
    },
    "@antv/scale": {
      "version": "0.1.3",
      "resolved": "https://registry.npm.taobao.org/@antv/scale/download/@antv/scale-0.1.3.tgz",
      "integrity": "sha1-SHbmFAy33NoZDn/i54CILcrGsJ0=",
      "requires": {
        "@antv/util": "~1.3.1",
        "fecha": "~2.3.3"
      },
      "dependencies": {
        "@antv/util": {
          "version": "1.3.1",
          "resolved": "https://registry.npm.taobao.org/@antv/util/download/@antv/util-1.3.1.tgz?cache=0&sync_timestamp=1572438102677&other_urls=https%3A%2F%2Fregistry.npm.taobao.org%2F%40antv%2Futil%2Fdownload%2F%40antv%2Futil-1.3.1.tgz",
          "integrity": "sha1-MKNLIB/5Em7A1YxyyBZqnD5kTM0=",
          "requires": {
            "@antv/gl-matrix": "^2.7.1"
          }
        }
      }
    },
    "@antv/util": {
      "version": "1.2.5",
      "resolved": "https://registry.npm.taobao.org/@antv/util/download/@antv/util-1.2.5.tgz?cache=0&sync_timestamp=1572438102677&other_urls=https%3A%2F%2Fregistry.npm.taobao.org%2F%40antv%2Futil%2Fdownload%2F%40antv%2Futil-1.2.5.tgz",
      "integrity": "sha1-iJbFBV7Cnko0S12ql7+CkF99QM0=",
      "requires": {
        "@antv/gl-matrix": "^2.7.1"
      }
    },
    "fecha": {
      "version": "2.3.3",
      "resolved": "https://registry.npm.taobao.org/fecha/download/fecha-2.3.3.tgz",
      "integrity": "sha1-lI50FX3xoy/RsSw6PDzctuydls0="
    },
    "hammerjs": {
      "version": "2.0.8",
      "resolved": "https://registry.npm.taobao.org/hammerjs/download/hammerjs-2.0.8.tgz",
      "integrity": "sha1-BO93hiz/K7edMPdpIJWTAiK/YPE="
    },
    "mini-antui": {
      "version": "0.4.34",
      "resolved": "https://registry.npm.taobao.org/mini-antui/download/mini-antui-0.4.34.tgz",
      "integrity": "sha1-PTBoZzgtLrBKSyGlPKlVB3eG1yE="
    },
    "wolfy87-eventemitter": {
      "version": "5.2.8",
      "resolved": "https://registry.npm.taobao.org/wolfy87-eventemitter/download/wolfy87-eventemitter-5.2.8.tgz?cache=0&other_urls=https%3A%2F%2Fregistry.npm.taobao.org%2Fwolfy87-eventemitter%2Fdownload%2Fwolfy87-eventemitter-5.2.8.tgz",
      "integrity": "sha1-+3//CVy5cqoqJGsl4VsnZGiMGKc="
    }
  }
}
